// !$*UTF8*$!
{
	archiveVersion = 1;
	classes = {
	};
	objectVersion = 50;
	objects = {

/* Begin PBXBuildFile section */
		2D03C1D12460A58D005EC881 /* Extension_UIImageView.swift in Sources */ = {isa = PBXBuildFile; fileRef = 2D03C1D02460A58D005EC881 /* Extension_UIImageView.swift */; };
		2D40787C245B464F0050676A /* ImageControllerDelegate.swift in Sources */ = {isa = PBXBuildFile; fileRef = 2D40787B245B464F0050676A /* ImageControllerDelegate.swift */; };
		2D40787E245B4D9D0050676A /* CameraOverlayView.xib in Resources */ = {isa = PBXBuildFile; fileRef = 2D40787D245B4D9D0050676A /* CameraOverlayView.xib */; };
		2D407880245B54A20050676A /* CameraOverlayView.swift in Sources */ = {isa = PBXBuildFile; fileRef = 2D40787F245B54A20050676A /* CameraOverlayView.swift */; };
		2D407882245B5BA00050676A /* MLController.swift in Sources */ = {isa = PBXBuildFile; fileRef = 2D407881245B5BA00050676A /* MLController.swift */; };
		2D407884245B5DC40050676A /* MLClassPrediction.swift in Sources */ = {isa = PBXBuildFile; fileRef = 2D407883245B5DC40050676A /* MLClassPrediction.swift */; };
		2D4F8277245B448000FB3960 /* ImageController.swift in Sources */ = {isa = PBXBuildFile; fileRef = 2D4F8276245B448000FB3960 /* ImageController.swift */; };
		2D4F8279245B452A00FB3960 /* HarryPotterCharacterDetector.mlmodel in Sources */ = {isa = PBXBuildFile; fileRef = 2D4F8278245B452A00FB3960 /* HarryPotterCharacterDetector.mlmodel */; };
		809B422624609A0E00591479 /* PersonDetector.mlmodel in Sources */ = {isa = PBXBuildFile; fileRef = 809B422524609A0E00591479 /* PersonDetector.mlmodel */; };
		80BB979B2459EE83003F4C17 /* AppDelegate.swift in Sources */ = {isa = PBXBuildFile; fileRef = 80BB979A2459EE83003F4C17 /* AppDelegate.swift */; };
		80BB979D2459EE83003F4C17 /* SceneDelegate.swift in Sources */ = {isa = PBXBuildFile; fileRef = 80BB979C2459EE83003F4C17 /* SceneDelegate.swift */; };
		80BB979F2459EE83003F4C17 /* ViewController.swift in Sources */ = {isa = PBXBuildFile; fileRef = 80BB979E2459EE83003F4C17 /* ViewController.swift */; };
		80BB97A22459EE83003F4C17 /* Main.storyboard in Resources */ = {isa = PBXBuildFile; fileRef = 80BB97A02459EE83003F4C17 /* Main.storyboard */; };
		80BB97A42459EE87003F4C17 /* Assets.xcassets in Resources */ = {isa = PBXBuildFile; fileRef = 80BB97A32459EE87003F4C17 /* Assets.xcassets */; };
		80BB97A72459EE87003F4C17 /* LaunchScreen.storyboard in Resources */ = {isa = PBXBuildFile; fileRef = 80BB97A52459EE87003F4C17 /* LaunchScreen.storyboard */; };
		80E8B502245B4ADC00556C50 /* ShareWithFriends.swift in Sources */ = {isa = PBXBuildFile; fileRef = 80E8B501245B4ADC00556C50 /* ShareWithFriends.swift */; };
/* End PBXBuildFile section */

/* Begin PBXFileReference section */
		2D03C1D02460A58D005EC881 /* Extension_UIImageView.swift */ = {isa = PBXFileReference; lastKnownFileType = sourcecode.swift; path = Extension_UIImageView.swift; sourceTree = "<group>"; };
		2D40787B245B464F0050676A /* ImageControllerDelegate.swift */ = {isa = PBXFileReference; lastKnownFileType = sourcecode.swift; path = ImageControllerDelegate.swift; sourceTree = "<group>"; };
		2D40787D245B4D9D0050676A /* CameraOverlayView.xib */ = {isa = PBXFileReference; lastKnownFileType = file.xib; path = CameraOverlayView.xib; sourceTree = "<group>"; };
		2D40787F245B54A20050676A /* CameraOverlayView.swift */ = {isa = PBXFileReference; lastKnownFileType = sourcecode.swift; path = CameraOverlayView.swift; sourceTree = "<group>"; };
		2D407881245B5BA00050676A /* MLController.swift */ = {isa = PBXFileReference; lastKnownFileType = sourcecode.swift; path = MLController.swift; sourceTree = "<group>"; };
		2D407883245B5DC40050676A /* MLClassPrediction.swift */ = {isa = PBXFileReference; lastKnownFileType = sourcecode.swift; path = MLClassPrediction.swift; sourceTree = "<group>"; };
		2D4F8276245B448000FB3960 /* ImageController.swift */ = {isa = PBXFileReference; lastKnownFileType = sourcecode.swift; path = ImageController.swift; sourceTree = "<group>"; };
		2D4F8278245B452A00FB3960 /* HarryPotterCharacterDetector.mlmodel */ = {isa = PBXFileReference; lastKnownFileType = file.mlmodel; path = HarryPotterCharacterDetector.mlmodel; sourceTree = "<group>"; };
		809B422524609A0E00591479 /* PersonDetector.mlmodel */ = {isa = PBXFileReference; lastKnownFileType = file.mlmodel; path = PersonDetector.mlmodel; sourceTree = "<group>"; };
		80BB97972459EE83003F4C17 /* HarryPotterMachineLearning.app */ = {isa = PBXFileReference; explicitFileType = wrapper.application; includeInIndex = 0; path = HarryPotterMachineLearning.app; sourceTree = BUILT_PRODUCTS_DIR; };
		80BB979A2459EE83003F4C17 /* AppDelegate.swift */ = {isa = PBXFileReference; lastKnownFileType = sourcecode.swift; path = AppDelegate.swift; sourceTree = "<group>"; };
		80BB979C2459EE83003F4C17 /* SceneDelegate.swift */ = {isa = PBXFileReference; lastKnownFileType = sourcecode.swift; path = SceneDelegate.swift; sourceTree = "<group>"; };
		80BB979E2459EE83003F4C17 /* ViewController.swift */ = {isa = PBXFileReference; lastKnownFileType = sourcecode.swift; path = ViewController.swift; sourceTree = "<group>"; };
		80BB97A12459EE83003F4C17 /* Base */ = {isa = PBXFileReference; lastKnownFileType = file.storyboard; name = Base; path = Base.lproj/Main.storyboard; sourceTree = "<group>"; };
		80BB97A32459EE87003F4C17 /* Assets.xcassets */ = {isa = PBXFileReference; lastKnownFileType = folder.assetcatalog; path = Assets.xcassets; sourceTree = "<group>"; };
		80BB97A62459EE87003F4C17 /* Base */ = {isa = PBXFileReference; lastKnownFileType = file.storyboard; name = Base; path = Base.lproj/LaunchScreen.storyboard; sourceTree = "<group>"; };
		80BB97A82459EE87003F4C17 /* Info.plist */ = {isa = PBXFileReference; lastKnownFileType = text.plist.xml; path = Info.plist; sourceTree = "<group>"; };
		80E8B501245B4ADC00556C50 /* ShareWithFriends.swift */ = {isa = PBXFileReference; lastKnownFileType = sourcecode.swift; path = ShareWithFriends.swift; sourceTree = "<group>"; };
/* End PBXFileReference section */

/* Begin PBXFrameworksBuildPhase section */
		80BB97942459EE83003F4C17 /* Frameworks */ = {
			isa = PBXFrameworksBuildPhase;
			buildActionMask = 2147483647;
			files = (
			);
			runOnlyForDeploymentPostprocessing = 0;
		};
/* End PBXFrameworksBuildPhase section */

/* Begin PBXGroup section */
		2D03C1CF2460A57B005EC881 /* Extension */ = {
			isa = PBXGroup;
			children = (
				2D03C1D02460A58D005EC881 /* Extension_UIImageView.swift */,
			);
			path = Extension;
			sourceTree = "<group>";
		};
		2D407885245B5E240050676A /* ImageController */ = {
			isa = PBXGroup;
			children = (
				2D4F8276245B448000FB3960 /* ImageController.swift */,
				2D40787B245B464F0050676A /* ImageControllerDelegate.swift */,
				2D40787D245B4D9D0050676A /* CameraOverlayView.xib */,
				2D40787F245B54A20050676A /* CameraOverlayView.swift */,
			);
			path = ImageController;
			sourceTree = "<group>";
		};
		2D4F8275245B446800FB3960 /* MLController */ = {
			isa = PBXGroup;
			children = (
				809B422524609A0E00591479 /* PersonDetector.mlmodel */,
				2D4F8278245B452A00FB3960 /* HarryPotterCharacterDetector.mlmodel */,
				2D407881245B5BA00050676A /* MLController.swift */,
				2D407883245B5DC40050676A /* MLClassPrediction.swift */,
			);
			path = MLController;
			sourceTree = "<group>";
		};
		80BB978E2459EE83003F4C17 = {
			isa = PBXGroup;
			children = (
				80BB97992459EE83003F4C17 /* HarryPotterMachineLearning */,
				80BB97982459EE83003F4C17 /* Products */,
			);
			sourceTree = "<group>";
		};
		80BB97982459EE83003F4C17 /* Products */ = {
			isa = PBXGroup;
			children = (
				80BB97972459EE83003F4C17 /* HarryPotterMachineLearning.app */,
			);
			name = Products;
			sourceTree = "<group>";
		};
		80BB97992459EE83003F4C17 /* HarryPotterMachineLearning */ = {
			isa = PBXGroup;
			children = (
				2D03C1CF2460A57B005EC881 /* Extension */,
				80E8B4FE245B49EA00556C50 /* ShareWithFriends */,
				2D407885245B5E240050676A /* ImageController */,
				2D4F8275245B446800FB3960 /* MLController */,
				80BB979A2459EE83003F4C17 /* AppDelegate.swift */,
				80BB979C2459EE83003F4C17 /* SceneDelegate.swift */,
				80BB979E2459EE83003F4C17 /* ViewController.swift */,
				80BB97A02459EE83003F4C17 /* Main.storyboard */,
				80BB97A32459EE87003F4C17 /* Assets.xcassets */,
				80BB97A52459EE87003F4C17 /* LaunchScreen.storyboard */,
				80BB97A82459EE87003F4C17 /* Info.plist */,
			);
			path = HarryPotterMachineLearning;
			sourceTree = "<group>";
		};
		80E8B4FE245B49EA00556C50 /* ShareWithFriends */ = {
			isa = PBXGroup;
			children = (
				80E8B501245B4ADC00556C50 /* ShareWithFriends.swift */,
			);
			path = ShareWithFriends;
			sourceTree = "<group>";
		};
/* End PBXGroup section */

/* Begin PBXNativeTarget section */
		80BB97962459EE83003F4C17 /* HarryPotterMachineLearning */ = {
			isa = PBXNativeTarget;
			buildConfigurationList = 80BB97AB2459EE87003F4C17 /* Build configuration list for PBXNativeTarget "HarryPotterMachineLearning" */;
			buildPhases = (
				80BB97932459EE83003F4C17 /* Sources */,
				80BB97942459EE83003F4C17 /* Frameworks */,
				80BB97952459EE83003F4C17 /* Resources */,
			);
			buildRules = (
			);
			dependencies = (
			);
			name = HarryPotterMachineLearning;
			productName = HarryPotterMachineLearning;
			productReference = 80BB97972459EE83003F4C17 /* HarryPotterMachineLearning.app */;
			productType = "com.apple.product-type.application";
		};
/* End PBXNativeTarget section */

/* Begin PBXProject section */
		80BB978F2459EE83003F4C17 /* Project object */ = {
			isa = PBXProject;
			attributes = {
				LastSwiftUpdateCheck = 1140;
				LastUpgradeCheck = 1140;
				ORGANIZATIONNAME = "Henrique Figueiredo Conte";
				TargetAttributes = {
					80BB97962459EE83003F4C17 = {
						CreatedOnToolsVersion = 11.4.1;
					};
				};
			};
			buildConfigurationList = 80BB97922459EE83003F4C17 /* Build configuration list for PBXProject "HarryPotterMachineLearning" */;
			compatibilityVersion = "Xcode 9.3";
			developmentRegion = en;
			hasScannedForEncodings = 0;
			knownRegions = (
				en,
				Base,
			);
			mainGroup = 80BB978E2459EE83003F4C17;
			productRefGroup = 80BB97982459EE83003F4C17 /* Products */;
			projectDirPath = "";
			projectRoot = "";
			targets = (
				80BB97962459EE83003F4C17 /* HarryPotterMachineLearning */,
			);
		};
/* End PBXProject section */

/* Begin PBXResourcesBuildPhase section */
		80BB97952459EE83003F4C17 /* Resources */ = {
			isa = PBXResourcesBuildPhase;
			buildActionMask = 2147483647;
			files = (
				2D40787E245B4D9D0050676A /* CameraOverlayView.xib in Resources */,
				80BB97A72459EE87003F4C17 /* LaunchScreen.storyboard in Resources */,
				80BB97A42459EE87003F4C17 /* Assets.xcassets in Resources */,
				80BB97A22459EE83003F4C17 /* Main.storyboard in Resources */,
			);
			runOnlyForDeploymentPostprocessing = 0;
		};
/* End PBXResourcesBuildPhase section */

/* Begin PBXSourcesBuildPhase section */
		80BB97932459EE83003F4C17 /* Sources */ = {
			isa = PBXSourcesBuildPhase;
			buildActionMask = 2147483647;
			files = (
				2D4F8279245B452A00FB3960 /* HarryPotterCharacterDetector.mlmodel in Sources */,
				80BB979F2459EE83003F4C17 /* ViewController.swift in Sources */,
				2D407882245B5BA00050676A /* MLController.swift in Sources */,
				80BB979B2459EE83003F4C17 /* AppDelegate.swift in Sources */,
				2D407880245B54A20050676A /* CameraOverlayView.swift in Sources */,
				2D03C1D12460A58D005EC881 /* Extension_UIImageView.swift in Sources */,
				80BB979D2459EE83003F4C17 /* SceneDelegate.swift in Sources */,
				80E8B502245B4ADC00556C50 /* ShareWithFriends.swift in Sources */,
				809B422624609A0E00591479 /* PersonDetector.mlmodel in Sources */,
				2D40787C245B464F0050676A /* ImageControllerDelegate.swift in Sources */,
				2D4F8277245B448000FB3960 /* ImageController.swift in Sources */,
				2D407884245B5DC40050676A /* MLClassPrediction.swift in Sources */,
			);
			runOnlyForDeploymentPostprocessing = 0;
		};
/* End PBXSourcesBuildPhase section */

/* Begin PBXVariantGroup section */
		80BB97A02459EE83003F4C17 /* Main.storyboard */ = {
			isa = PBXVariantGroup;
			children = (
				80BB97A12459EE83003F4C17 /* Base */,
			);
			name = Main.storyboard;
			sourceTree = "<group>";
		};
		80BB97A52459EE87003F4C17 /* LaunchScreen.storyboard */ = {
			isa = PBXVariantGroup;
			children = (
				80BB97A62459EE87003F4C17 /* Base */,
			);
			name = LaunchScreen.storyboard;
			sourceTree = "<group>";
		};
/* End PBXVariantGroup section */

/* Begin XCBuildConfiguration section */
		80BB97A92459EE87003F4C17 /* Debug */ = {
			isa = XCBuildConfiguration;
			buildSettings = {
				ALWAYS_SEARCH_USER_PATHS = NO;
				CLANG_ANALYZER_NONNULL = YES;
				CLANG_ANALYZER_NUMBER_OBJECT_CONVERSION = YES_AGGRESSIVE;
				CLANG_CXX_LANGUAGE_STANDARD = "gnu++14";
				CLANG_CXX_LIBRARY = "libc++";
				CLANG_ENABLE_MODULES = YES;
				CLANG_ENABLE_OBJC_ARC = YES;
				CLANG_ENABLE_OBJC_WEAK = YES;
				CLANG_WARN_BLOCK_CAPTURE_AUTORELEASING = YES;
				CLANG_WARN_BOOL_CONVERSION = YES;
				CLANG_WARN_COMMA = YES;
				CLANG_WARN_CONSTANT_CONVERSION = YES;
				CLANG_WARN_DEPRECATED_OBJC_IMPLEMENTATIONS = YES;
				CLANG_WARN_DIRECT_OBJC_ISA_USAGE = YES_ERROR;
				CLANG_WARN_DOCUMENTATION_COMMENTS = YES;
				CLANG_WARN_EMPTY_BODY = YES;
				CLANG_WARN_ENUM_CONVERSION = YES;
				CLANG_WARN_INFINITE_RECURSION = YES;
				CLANG_WARN_INT_CONVERSION = YES;
				CLANG_WARN_NON_LITERAL_NULL_CONVERSION = YES;
				CLANG_WARN_OBJC_IMPLICIT_RETAIN_SELF = YES;
				CLANG_WARN_OBJC_LITERAL_CONVERSION = YES;
				CLANG_WARN_OBJC_ROOT_CLASS = YES_ERROR;
				CLANG_WARN_RANGE_LOOP_ANALYSIS = YES;
				CLANG_WARN_STRICT_PROTOTYPES = YES;
				CLANG_WARN_SUSPICIOUS_MOVE = YES;
				CLANG_WARN_UNGUARDED_AVAILABILITY = YES_AGGRESSIVE;
				CLANG_WARN_UNREACHABLE_CODE = YES;
				CLANG_WARN__DUPLICATE_METHOD_MATCH = YES;
				COPY_PHASE_STRIP = NO;
				DEBUG_INFORMATION_FORMAT = dwarf;
				ENABLE_STRICT_OBJC_MSGSEND = YES;
				ENABLE_TESTABILITY = YES;
				GCC_C_LANGUAGE_STANDARD = gnu11;
				GCC_DYNAMIC_NO_PIC = NO;
				GCC_NO_COMMON_BLOCKS = YES;
				GCC_OPTIMIZATION_LEVEL = 0;
				GCC_PREPROCESSOR_DEFINITIONS = (
					"DEBUG=1",
					"$(inherited)",
				);
				GCC_WARN_64_TO_32_BIT_CONVERSION = YES;
				GCC_WARN_ABOUT_RETURN_TYPE = YES_ERROR;
				GCC_WARN_UNDECLARED_SELECTOR = YES;
				GCC_WARN_UNINITIALIZED_AUTOS = YES_AGGRESSIVE;
				GCC_WARN_UNUSED_FUNCTION = YES;
				GCC_WARN_UNUSED_VARIABLE = YES;
				IPHONEOS_DEPLOYMENT_TARGET = 13.4;
				MTL_ENABLE_DEBUG_INFO = INCLUDE_SOURCE;
				MTL_FAST_MATH = YES;
				ONLY_ACTIVE_ARCH = YES;
				SDKROOT = iphoneos;
				SWIFT_ACTIVE_COMPILATION_CONDITIONS = DEBUG;
				SWIFT_OPTIMIZATION_LEVEL = "-Onone";
			};
			name = Debug;
		};
		80BB97AA2459EE87003F4C17 /* Release */ = {
			isa = XCBuildConfiguration;
			buildSettings = {
				ALWAYS_SEARCH_USER_PATHS = NO;
				CLANG_ANALYZER_NONNULL = YES;
				CLANG_ANALYZER_NUMBER_OBJECT_CONVERSION = YES_AGGRESSIVE;
				CLANG_CXX_LANGUAGE_STANDARD = "gnu++14";
				CLANG_CXX_LIBRARY = "libc++";
				CLANG_ENABLE_MODULES = YES;
				CLANG_ENABLE_OBJC_ARC = YES;
				CLANG_ENABLE_OBJC_WEAK = YES;
				CLANG_WARN_BLOCK_CAPTURE_AUTORELEASING = YES;
				CLANG_WARN_BOOL_CONVERSION = YES;
				CLANG_WARN_COMMA = YES;
				CLANG_WARN_CONSTANT_CONVERSION = YES;
				CLANG_WARN_DEPRECATED_OBJC_IMPLEMENTATIONS = YES;
				CLANG_WARN_DIRECT_OBJC_ISA_USAGE = YES_ERROR;
				CLANG_WARN_DOCUMENTATION_COMMENTS = YES;
				CLANG_WARN_EMPTY_BODY = YES;
				CLANG_WARN_ENUM_CONVERSION = YES;
				CLANG_WARN_INFINITE_RECURSION = YES;
				CLANG_WARN_INT_CONVERSION = YES;
				CLANG_WARN_NON_LITERAL_NULL_CONVERSION = YES;
				CLANG_WARN_OBJC_IMPLICIT_RETAIN_SELF = YES;
				CLANG_WARN_OBJC_LITERAL_CONVERSION = YES;
				CLANG_WARN_OBJC_ROOT_CLASS = YES_ERROR;
				CLANG_WARN_RANGE_LOOP_ANALYSIS = YES;
				CLANG_WARN_STRICT_PROTOTYPES = YES;
				CLANG_WARN_SUSPICIOUS_MOVE = YES;
				CLANG_WARN_UNGUARDED_AVAILABILITY = YES_AGGRESSIVE;
				CLANG_WARN_UNREACHABLE_CODE = YES;
				CLANG_WARN__DUPLICATE_METHOD_MATCH = YES;
				COPY_PHASE_STRIP = NO;
				DEBUG_INFORMATION_FORMAT = "dwarf-with-dsym";
				ENABLE_NS_ASSERTIONS = NO;
				ENABLE_STRICT_OBJC_MSGSEND = YES;
				GCC_C_LANGUAGE_STANDARD = gnu11;
				GCC_NO_COMMON_BLOCKS = YES;
				GCC_WARN_64_TO_32_BIT_CONVERSION = YES;
				GCC_WARN_ABOUT_RETURN_TYPE = YES_ERROR;
				GCC_WARN_UNDECLARED_SELECTOR = YES;
				GCC_WARN_UNINITIALIZED_AUTOS = YES_AGGRESSIVE;
				GCC_WARN_UNUSED_FUNCTION = YES;
				GCC_WARN_UNUSED_VARIABLE = YES;
				IPHONEOS_DEPLOYMENT_TARGET = 13.4;
				MTL_ENABLE_DEBUG_INFO = NO;
				MTL_FAST_MATH = YES;
				SDKROOT = iphoneos;
				SWIFT_COMPILATION_MODE = wholemodule;
				SWIFT_OPTIMIZATION_LEVEL = "-O";
				VALIDATE_PRODUCT = YES;
			};
			name = Release;
		};
		80BB97AC2459EE87003F4C17 /* Debug */ = {
			isa = XCBuildConfiguration;
			buildSettings = {
				ASSETCATALOG_COMPILER_APPICON_NAME = AppIcon;
				CODE_SIGN_STYLE = Automatic;
				DEVELOPMENT_TEAM = DZPZD745C7;
				INFOPLIST_FILE = HarryPotterMachineLearning/Info.plist;
				LD_RUNPATH_SEARCH_PATHS = (
					"$(inherited)",
					"@executable_path/Frameworks",
				);
				PRODUCT_BUNDLE_IDENTIFIER = henriqueConte.HarryPotterMachineLearning;
				PRODUCT_NAME = "$(TARGET_NAME)";
				SWIFT_VERSION = 5.0;
				TARGETED_DEVICE_FAMILY = "1,2";
			};
			name = Debug;
		};
		80BB97AD2459EE87003F4C17 /* Release */ = {
			isa = XCBuildConfiguration;
			buildSettings = {
				ASSETCATALOG_COMPILER_APPICON_NAME = AppIcon;
				CODE_SIGN_STYLE = Automatic;
				DEVELOPMENT_TEAM = DZPZD745C7;
				INFOPLIST_FILE = HarryPotterMachineLearning/Info.plist;
				LD_RUNPATH_SEARCH_PATHS = (
					"$(inherited)",
					"@executable_path/Frameworks",
				);
				PRODUCT_BUNDLE_IDENTIFIER = henriqueConte.HarryPotterMachineLearning;
				PRODUCT_NAME = "$(TARGET_NAME)";
				SWIFT_VERSION = 5.0;
				TARGETED_DEVICE_FAMILY = "1,2";
			};
			name = Release;
		};
/* End XCBuildConfiguration section */

/* Begin XCConfigurationList section */
		80BB97922459EE83003F4C17 /* Build configuration list for PBXProject "HarryPotterMachineLearning" */ = {
			isa = XCConfigurationList;
			buildConfigurations = (
				80BB97A92459EE87003F4C17 /* Debug */,
				80BB97AA2459EE87003F4C17 /* Release */,
			);
			defaultConfigurationIsVisible = 0;
			defaultConfigurationName = Release;
		};
		80BB97AB2459EE87003F4C17 /* Build configuration list for PBXNativeTarget "HarryPotterMachineLearning" */ = {
			isa = XCConfigurationList;
			buildConfigurations = (
				80BB97AC2459EE87003F4C17 /* Debug */,
				80BB97AD2459EE87003F4C17 /* Release */,
			);
			defaultConfigurationIsVisible = 0;
			defaultConfigurationName = Release;
		};
/* End XCConfigurationList section */
	};
	rootObject = 80BB978F2459EE83003F4C17 /* Project object */;
}
